
Microsoft Visual Studio Solution File, Format Version 12.00
# Visual Studio Version 17
VisualStudioVersion = 17.11.35327.3
MinimumVisualStudioVersion = 10.0.40219.1
Project("{FAE04EC0-301F-11D3-BF4B-00C04F79EFBC}") = "araçkiralam", "araçkiralam\araçkiralam.csproj", "{D92EFBAD-0804-417B-883D-5FF02F231830}"
EndProject
Global
	GlobalSection(SolutionConfigurationPlatforms) = preSolution
		Debug|Any CPU = Debug|Any CPU
		Release|Any CPU = Release|Any CPU
	EndGlobalSection
	GlobalSection(ProjectConfigurationPlatforms) = postSolution
		{D92EFBAD-0804-417B-883D-5FF02F231830}.Debug|Any CPU.ActiveCfg = Debug|Any CPU
		{D92EFBAD-0804-417B-883D-5FF02F231830}.Debug|Any CPU.Build.0 = Debug|Any CPU
		{D92EFBAD-0804-417B-883D-5FF02F231830}.Release|Any CPU.ActiveCfg = Release|Any CPU
		{D92EFBAD-0804-417B-883D-5FF02F231830}.Release|Any CPU.Build.0 = Release|Any CPU
	EndGlobalSection
	GlobalSection(SolutionProperties) = preSolution
		HideSolutionNode = FALSE
	EndGlobalSection
	GlobalSection(ExtensibilityGlobals) = postSolution
		SolutionGuid = {CCCFF158-57B7-48C6-9FCE-F2200A959818}
	EndGlobalSection
EndGlobal
