
Microsoft Visual Studio Solution File, Format Version 12.00
# Visual Studio Version 17
VisualStudioVersion = 17.11.35327.3
MinimumVisualStudioVersion = 10.0.40219.1
Project("{FAE04EC0-301F-11D3-BF4B-00C04F79EFBC}") = "ardışıksayı", "ardışıksayı\ardışıksayı.csproj", "{56D9457A-D867-430B-8536-4E4C31ACA20E}"
EndProject
Global
	GlobalSection(SolutionConfigurationPlatforms) = preSolution
		Debug|Any CPU = Debug|Any CPU
		Release|Any CPU = Release|Any CPU
	EndGlobalSection
	GlobalSection(ProjectConfigurationPlatforms) = postSolution
		{56D9457A-D867-430B-8536-4E4C31ACA20E}.Debug|Any CPU.ActiveCfg = Debug|Any CPU
		{56D9457A-D867-430B-8536-4E4C31ACA20E}.Debug|Any CPU.Build.0 = Debug|Any CPU
		{56D9457A-D867-430B-8536-4E4C31ACA20E}.Release|Any CPU.ActiveCfg = Release|Any CPU
		{56D9457A-D867-430B-8536-4E4C31ACA20E}.Release|Any CPU.Build.0 = Release|Any CPU
	EndGlobalSection
	GlobalSection(SolutionProperties) = preSolution
		HideSolutionNode = FALSE
	EndGlobalSection
	GlobalSection(ExtensibilityGlobals) = postSolution
		SolutionGuid = {11D7FE77-B71B-41DA-9194-9233291BB2AA}
	EndGlobalSection
EndGlobal
