
Microsoft Visual Studio Solution File, Format Version 12.00
# Visual Studio Version 17
VisualStudioVersion = 17.10.35122.118
MinimumVisualStudioVersion = 10.0.40219.1
Project("{FAE04EC0-301F-11D3-BF4B-00C04F79EFBC}") = "ConsoleApp6", "ConsoleApp6\ConsoleApp6.csproj", "{E15DA01F-4FE4-4752-9898-37783DDBF318}"
EndProject
Global
	GlobalSection(SolutionConfigurationPlatforms) = preSolution
		Debug|Any CPU = Debug|Any CPU
		Release|Any CPU = Release|Any CPU
	EndGlobalSection
	GlobalSection(ProjectConfigurationPlatforms) = postSolution
		{E15DA01F-4FE4-4752-9898-37783DDBF318}.Debug|Any CPU.ActiveCfg = Debug|Any CPU
		{E15DA01F-4FE4-4752-9898-37783DDBF318}.Debug|Any CPU.Build.0 = Debug|Any CPU
		{E15DA01F-4FE4-4752-9898-37783DDBF318}.Release|Any CPU.ActiveCfg = Release|Any CPU
		{E15DA01F-4FE4-4752-9898-37783DDBF318}.Release|Any CPU.Build.0 = Release|Any CPU
	EndGlobalSection
	GlobalSection(SolutionProperties) = preSolution
		HideSolutionNode = FALSE
	EndGlobalSection
	GlobalSection(ExtensibilityGlobals) = postSolution
		SolutionGuid = {D5DCBE3B-5D65-46AD-A4F6-9120EEC86BF5}
	EndGlobalSection
EndGlobal
