
Microsoft Visual Studio Solution File, Format Version 12.00
# Visual Studio Version 17
VisualStudioVersion = 17.11.35327.3
MinimumVisualStudioVersion = 10.0.40219.1
Project("{FAE04EC0-301F-11D3-BF4B-00C04F79EFBC}") = "polinomtoplam", "polinomtoplam\polinomtoplam.csproj", "{FE95410E-C8A6-45F2-889A-AD14138FF02F}"
EndProject
Global
	GlobalSection(SolutionConfigurationPlatforms) = preSolution
		Debug|Any CPU = Debug|Any CPU
		Release|Any CPU = Release|Any CPU
	EndGlobalSection
	GlobalSection(ProjectConfigurationPlatforms) = postSolution
		{FE95410E-C8A6-45F2-889A-AD14138FF02F}.Debug|Any CPU.ActiveCfg = Debug|Any CPU
		{FE95410E-C8A6-45F2-889A-AD14138FF02F}.Debug|Any CPU.Build.0 = Debug|Any CPU
		{FE95410E-C8A6-45F2-889A-AD14138FF02F}.Release|Any CPU.ActiveCfg = Release|Any CPU
		{FE95410E-C8A6-45F2-889A-AD14138FF02F}.Release|Any CPU.Build.0 = Release|Any CPU
	EndGlobalSection
	GlobalSection(SolutionProperties) = preSolution
		HideSolutionNode = FALSE
	EndGlobalSection
	GlobalSection(ExtensibilityGlobals) = postSolution
		SolutionGuid = {55C50008-0511-4CE2-A4C8-9ACC69CC80F0}
	EndGlobalSection
EndGlobal
